
Microsoft Visual Studio Solution File, Format Version 12.00
# Visual Studio Version 17
VisualStudioVersion = 17.2.32616.157
MinimumVisualStudioVersion = 10.0.40219.1
Project("{FAE04EC0-301F-11D3-BF4B-00C04F79EFBC}") = "Latin Translator", "Latin Translator\Latin Translator.csproj", "{5A0443B9-6553-4BCB-976E-FF93428265E6}"
EndProject
Global
	GlobalSection(SolutionConfigurationPlatforms) = preSolution
		Debug|Any CPU = Debug|Any CPU
		Release|Any CPU = Release|Any CPU
	EndGlobalSection
	GlobalSection(ProjectConfigurationPlatforms) = postSolution
		{5A0443B9-6553-4BCB-976E-FF93428265E6}.Debug|Any CPU.ActiveCfg = Debug|Any CPU
		{5A0443B9-6553-4BCB-976E-FF93428265E6}.Debug|Any CPU.Build.0 = Debug|Any CPU
		{5A0443B9-6553-4BCB-976E-FF93428265E6}.Release|Any CPU.ActiveCfg = Release|Any CPU
		{5A0443B9-6553-4BCB-976E-FF93428265E6}.Release|Any CPU.Build.0 = Release|Any CPU
	EndGlobalSection
	GlobalSection(SolutionProperties) = preSolution
		HideSolutionNode = FALSE
	EndGlobalSection
	GlobalSection(ExtensibilityGlobals) = postSolution
		SolutionGuid = {16FCB23B-6015-412A-ABCD-96041392ADF5}
	EndGlobalSection
EndGlobal
